
Microsoft Visual Studio Solution File, Format Version 12.00
# Visual Studio Version 17
VisualStudioVersion = 17.14.36202.13 d17.14
MinimumVisualStudioVersion = 10.0.40219.1
Project("{FAE04EC0-301F-11D3-BF4B-00C04F79EFBC}") = "ThreadQueueLib", "ThreadQueueLib\ThreadQueueLib.csproj", "{BA886A81-4234-4F1D-94A6-D6E55863EA69}"
EndProject
Project("{2150E333-8FDC-42A3-9474-1A3956D46DE8}") = "Elementos de la solución", "Elementos de la solución", "{D107F4C8-89CC-BEA8-D3D7-CA6B7733353D}"
	ProjectSection(SolutionItems) = preProject
		.gitignore = .gitignore
	EndProjectSection
EndProject
Project("{FAE04EC0-301F-11D3-BF4B-00C04F79EFBC}") = "ThreadQueueTestApp", "ThreadQueueTestApp\ThreadQueueTestApp.csproj", "{69ADE7DD-69BA-47B9-ACD9-50E10D1D1A6E}"
EndProject
Global
	GlobalSection(SolutionConfigurationPlatforms) = preSolution
		Debug|Any CPU = Debug|Any CPU
		Release|Any CPU = Release|Any CPU
	EndGlobalSection
	GlobalSection(ProjectConfigurationPlatforms) = postSolution
		{BA886A81-4234-4F1D-94A6-D6E55863EA69}.Debug|Any CPU.ActiveCfg = Debug|Any CPU
		{BA886A81-4234-4F1D-94A6-D6E55863EA69}.Debug|Any CPU.Build.0 = Debug|Any CPU
		{BA886A81-4234-4F1D-94A6-D6E55863EA69}.Release|Any CPU.ActiveCfg = Release|Any CPU
		{BA886A81-4234-4F1D-94A6-D6E55863EA69}.Release|Any CPU.Build.0 = Release|Any CPU
		{69ADE7DD-69BA-47B9-ACD9-50E10D1D1A6E}.Debug|Any CPU.ActiveCfg = Debug|Any CPU
		{69ADE7DD-69BA-47B9-ACD9-50E10D1D1A6E}.Debug|Any CPU.Build.0 = Debug|Any CPU
		{69ADE7DD-69BA-47B9-ACD9-50E10D1D1A6E}.Release|Any CPU.ActiveCfg = Release|Any CPU
		{69ADE7DD-69BA-47B9-ACD9-50E10D1D1A6E}.Release|Any CPU.Build.0 = Release|Any CPU
	EndGlobalSection
	GlobalSection(SolutionProperties) = preSolution
		HideSolutionNode = FALSE
	EndGlobalSection
	GlobalSection(ExtensibilityGlobals) = postSolution
		SolutionGuid = {7A5F765B-38C4-4133-AD6E-FDC12AD5CEEE}
	EndGlobalSection
EndGlobal
